// !$*UTF8*$!
{
	archiveVersion = 1;
	classes = {
	};
	objectVersion = 46;
	objects = {

/* Begin PBXBuildFile section */
		EA3F38051A96487100D6E331 /* BMBaseModal.swift in Sources */ = {isa = PBXBuildFile; fileRef = EA3F38041A96487100D6E331 /* BMBaseModal.swift */; };
		EA93707A1A9647DA00ECF14C /* AppDelegate.swift in Sources */ = {isa = PBXBuildFile; fileRef = EA9370791A9647DA00ECF14C /* AppDelegate.swift */; };
		EA93707C1A9647DA00ECF14C /* ViewController.swift in Sources */ = {isa = PBXBuildFile; fileRef = EA93707B1A9647DA00ECF14C /* ViewController.swift */; };
		EA9370901A9647DA00ECF14C /* BMBaseModalExampleTests.swift in Sources */ = {isa = PBXBuildFile; fileRef = EA93708F1A9647DA00ECF14C /* BMBaseModalExampleTests.swift */; };
/* End PBXBuildFile section */

/* Begin PBXContainerItemProxy section */
		EA93708A1A9647DA00ECF14C /* PBXContainerItemProxy */ = {
			isa = PBXContainerItemProxy;
			containerPortal = EA93706C1A9647DA00ECF14C /* Project object */;
			proxyType = 1;
			remoteGlobalIDString = EA9370731A9647DA00ECF14C;
			remoteInfo = BMBaseModalExample;
		};
/* End PBXContainerItemProxy section */

/* Begin PBXFileReference section */
		EA3F38041A96487100D6E331 /* BMBaseModal.swift */ = {isa = PBXFileReference; fileEncoding = 4; lastKnownFileType = sourcecode.swift; name = BMBaseModal.swift; path = ../../Classes/BMBaseModal.swift; sourceTree = "<group>"; };
		EA9370741A9647DA00ECF14C /* BMBaseModalExample.app */ = {isa = PBXFileReference; explicitFileType = wrapper.application; includeInIndex = 0; path = BMBaseModalExample.app; sourceTree = BUILT_PRODUCTS_DIR; };
		EA9370781A9647DA00ECF14C /* Info.plist */ = {isa = PBXFileReference; lastKnownFileType = text.plist.xml; path = Info.plist; sourceTree = "<group>"; };
		EA9370791A9647DA00ECF14C /* AppDelegate.swift */ = {isa = PBXFileReference; lastKnownFileType = sourcecode.swift; path = AppDelegate.swift; sourceTree = "<group>"; };
		EA93707B1A9647DA00ECF14C /* ViewController.swift */ = {isa = PBXFileReference; lastKnownFileType = sourcecode.swift; path = ViewController.swift; sourceTree = "<group>"; };
		EA93707E1A9647DA00ECF14C /* Base */ = {isa = PBXFileReference; lastKnownFileType = file.storyboard; name = Base; path = Base.lproj/Main.storyboard; sourceTree = "<group>"; };
		EA9370801A9647DA00ECF14C /* Images.xcassets */ = {isa = PBXFileReference; lastKnownFileType = folder.assetcatalog; path = Images.xcassets; sourceTree = "<group>"; };
		EA9370831A9647DA00ECF14C /* Base */ = {isa = PBXFileReference; lastKnownFileType = file.xib; name = Base; path = Base.lproj/LaunchScreen.xib; sourceTree = "<group>"; };
		EA9370891A9647DA00ECF14C /* BMBaseModalExampleTests.xctest */ = {isa = PBXFileReference; explicitFileType = wrapper.cfbundle; includeInIndex = 0; path = BMBaseModalExampleTests.xctest; sourceTree = BUILT_PRODUCTS_DIR; };
		EA93708E1A9647DA00ECF14C /* Info.plist */ = {isa = PBXFileReference; lastKnownFileType = text.plist.xml; path = Info.plist; sourceTree = "<group>"; };
		EA93708F1A9647DA00ECF14C /* BMBaseModalExampleTests.swift */ = {isa = PBXFileReference; lastKnownFileType = sourcecode.swift; path = BMBaseModalExampleTests.swift; sourceTree = "<group>"; };
/* End PBXFileReference section */

/* Begin PBXFrameworksBuildPhase section */
		EA9370711A9647DA00ECF14C /* Frameworks */ = {
			isa = PBXFrameworksBuildPhase;
			buildActionMask = 2147483647;
			files = (
			);
			runOnlyForDeploymentPostprocessing = 0;
		};
		EA9370861A9647DA00ECF14C /* Frameworks */ = {
			isa = PBXFrameworksBuildPhase;
			buildActionMask = 2147483647;
			files = (
			);
			runOnlyForDeploymentPostprocessing = 0;
		};
/* End PBXFrameworksBuildPhase section */

/* Begin PBXGroup section */
		EA3F38031A96485B00D6E331 /* BMBaseModal */ = {
			isa = PBXGroup;
			children = (
				EA3F38041A96487100D6E331 /* BMBaseModal.swift */,
			);
			name = BMBaseModal;
			sourceTree = "<group>";
		};
		EA93706B1A9647DA00ECF14C = {
			isa = PBXGroup;
			children = (
				EA9370761A9647DA00ECF14C /* BMBaseModalExample */,
				EA93708C1A9647DA00ECF14C /* BMBaseModalExampleTests */,
				EA9370751A9647DA00ECF14C /* Products */,
			);
			sourceTree = "<group>";
		};
		EA9370751A9647DA00ECF14C /* Products */ = {
			isa = PBXGroup;
			children = (
				EA9370741A9647DA00ECF14C /* BMBaseModalExample.app */,
				EA9370891A9647DA00ECF14C /* BMBaseModalExampleTests.xctest */,
			);
			name = Products;
			sourceTree = "<group>";
		};
		EA9370761A9647DA00ECF14C /* BMBaseModalExample */ = {
			isa = PBXGroup;
			children = (
				EA3F38031A96485B00D6E331 /* BMBaseModal */,
				EA9370791A9647DA00ECF14C /* AppDelegate.swift */,
				EA93707B1A9647DA00ECF14C /* ViewController.swift */,
				EA93707D1A9647DA00ECF14C /* Main.storyboard */,
				EA9370801A9647DA00ECF14C /* Images.xcassets */,
				EA9370821A9647DA00ECF14C /* LaunchScreen.xib */,
				EA9370771A9647DA00ECF14C /* Supporting Files */,
			);
			path = BMBaseModalExample;
			sourceTree = "<group>";
		};
		EA9370771A9647DA00ECF14C /* Supporting Files */ = {
			isa = PBXGroup;
			children = (
				EA9370781A9647DA00ECF14C /* Info.plist */,
			);
			name = "Supporting Files";
			sourceTree = "<group>";
		};
		EA93708C1A9647DA00ECF14C /* BMBaseModalExampleTests */ = {
			isa = PBXGroup;
			children = (
				EA93708F1A9647DA00ECF14C /* BMBaseModalExampleTests.swift */,
				EA93708D1A9647DA00ECF14C /* Supporting Files */,
			);
			path = BMBaseModalExampleTests;
			sourceTree = "<group>";
		};
		EA93708D1A9647DA00ECF14C /* Supporting Files */ = {
			isa = PBXGroup;
			children = (
				EA93708E1A9647DA00ECF14C /* Info.plist */,
			);
			name = "Supporting Files";
			sourceTree = "<group>";
		};
/* End PBXGroup section */

/* Begin PBXNativeTarget section */
		EA9370731A9647DA00ECF14C /* BMBaseModalExample */ = {
			isa = PBXNativeTarget;
			buildConfigurationList = EA9370931A9647DA00ECF14C /* Build configuration list for PBXNativeTarget "BMBaseModalExample" */;
			buildPhases = (
				EA9370701A9647DA00ECF14C /* Sources */,
				EA9370711A9647DA00ECF14C /* Frameworks */,
			);
			buildRules = (
			);
			dependencies = (
			);
			name = BMBaseModalExample;
			productName = BMBaseModalExample;
			productReference = EA9370741A9647DA00ECF14C /* BMBaseModalExample.app */;
			productType = "com.apple.product-type.application";
		};
		EA9370881A9647DA00ECF14C /* BMBaseModalExampleTests */ = {
			isa = PBXNativeTarget;
			buildConfigurationList = EA9370961A9647DA00ECF14C /* Build configuration list for PBXNativeTarget "BMBaseModalExampleTests" */;
			buildPhases = (
				EA9370851A9647DA00ECF14C /* Sources */,
				EA9370861A9647DA00ECF14C /* Frameworks */,
				EA9370871A9647DA00ECF14C /* Resources */,
			);
			buildRules = (
			);
			dependencies = (
				EA93708B1A9647DA00ECF14C /* PBXTargetDependency */,
			);
			name = BMBaseModalExampleTests;
			productName = BMBaseModalExampleTests;
			productReference = EA9370891A9647DA00ECF14C /* BMBaseModalExampleTests.xctest */;
			productType = "com.apple.product-type.bundle.unit-test";
		};
/* End PBXNativeTarget section */

/* Begin PBXProject section */
		EA93706C1A9647DA00ECF14C /* Project object */ = {
			isa = PBXProject;
			attributes = {
				LastUpgradeCheck = 0610;
				ORGANIZATIONNAME = "Dennis de Oliveira";
				TargetAttributes = {
					EA9370731A9647DA00ECF14C = {
						CreatedOnToolsVersion = 6.1.1;
					};
					EA9370881A9647DA00ECF14C = {
						CreatedOnToolsVersion = 6.1.1;
						TestTargetID = EA9370731A9647DA00ECF14C;
					};
				};
			};
			buildConfigurationList = EA93706F1A9647DA00ECF14C /* Build configuration list for PBXProject "BMBaseModalExample" */;
			compatibilityVersion = "Xcode 3.2";
			developmentRegion = English;
			hasScannedForEncodings = 0;
			knownRegions = (
				en,
				Base,
			);
			mainGroup = EA93706B1A9647DA00ECF14C;
			productRefGroup = EA9370751A9647DA00ECF14C /* Products */;
			projectDirPath = "";
			projectRoot = "";
			targets = (
				EA9370731A9647DA00ECF14C /* BMBaseModalExample */,
				EA9370881A9647DA00ECF14C /* BMBaseModalExampleTests */,
			);
		};
/* End PBXProject section */

/* Begin PBXResourcesBuildPhase section */
		EA9370871A9647DA00ECF14C /* Resources */ = {
			isa = PBXResourcesBuildPhase;
			buildActionMask = 2147483647;
			files = (
			);
			runOnlyForDeploymentPostprocessing = 0;
		};
/* End PBXResourcesBuildPhase section */

/* Begin PBXSourcesBuildPhase section */
		EA9370701A9647DA00ECF14C /* Sources */ = {
			isa = PBXSourcesBuildPhase;
			buildActionMask = 2147483647;
			files = (
				EA93707C1A9647DA00ECF14C /* ViewController.swift in Sources */,
				EA3F38051A96487100D6E331 /* BMBaseModal.swift in Sources */,
				EA93707A1A9647DA00ECF14C /* AppDelegate.swift in Sources */,
			);
			runOnlyForDeploymentPostprocessing = 0;
		};
		EA9370851A9647DA00ECF14C /* Sources */ = {
			isa = PBXSourcesBuildPhase;
			buildActionMask = 2147483647;
			files = (
				EA9370901A9647DA00ECF14C /* BMBaseModalExampleTests.swift in Sources */,
			);
			runOnlyForDeploymentPostprocessing = 0;
		};
/* End PBXSourcesBuildPhase section */

/* Begin PBXTargetDependency section */
		EA93708B1A9647DA00ECF14C /* PBXTargetDependency */ = {
			isa = PBXTargetDependency;
			target = EA9370731A9647DA00ECF14C /* BMBaseModalExample */;
			targetProxy = EA93708A1A9647DA00ECF14C /* PBXContainerItemProxy */;
		};
/* End PBXTargetDependency section */

/* Begin PBXVariantGroup section */
		EA93707D1A9647DA00ECF14C /* Main.storyboard */ = {
			isa = PBXVariantGroup;
			children = (
				EA93707E1A9647DA00ECF14C /* Base */,
			);
			name = Main.storyboard;
			sourceTree = "<group>";
		};
		EA9370821A9647DA00ECF14C /* LaunchScreen.xib */ = {
			isa = PBXVariantGroup;
			children = (
				EA9370831A9647DA00ECF14C /* Base */,
			);
			name = LaunchScreen.xib;
			sourceTree = "<group>";
		};
/* End PBXVariantGroup section */

/* Begin XCBuildConfiguration section */
		EA9370911A9647DA00ECF14C /* Debug */ = {
			isa = XCBuildConfiguration;
			buildSettings = {
				ALWAYS_SEARCH_USER_PATHS = NO;
				CLANG_CXX_LANGUAGE_STANDARD = "gnu++0x";
				CLANG_CXX_LIBRARY = "libc++";
				CLANG_ENABLE_MODULES = YES;
				CLANG_ENABLE_OBJC_ARC = YES;
				CLANG_WARN_BOOL_CONVERSION = YES;
				CLANG_WARN_CONSTANT_CONVERSION = YES;
				CLANG_WARN_DIRECT_OBJC_ISA_USAGE = YES_ERROR;
				CLANG_WARN_EMPTY_BODY = YES;
				CLANG_WARN_ENUM_CONVERSION = YES;
				CLANG_WARN_INT_CONVERSION = YES;
				CLANG_WARN_OBJC_ROOT_CLASS = YES_ERROR;
				CLANG_WARN_UNREACHABLE_CODE = YES;
				CLANG_WARN__DUPLICATE_METHOD_MATCH = YES;
				"CODE_SIGN_IDENTITY[sdk=iphoneos*]" = "iPhone Developer";
				COPY_PHASE_STRIP = NO;
				ENABLE_STRICT_OBJC_MSGSEND = YES;
				GCC_C_LANGUAGE_STANDARD = gnu99;
				GCC_DYNAMIC_NO_PIC = NO;
				GCC_OPTIMIZATION_LEVEL = 0;
				GCC_PREPROCESSOR_DEFINITIONS = (
					"DEBUG=1",
					"$(inherited)",
				);
				GCC_SYMBOLS_PRIVATE_EXTERN = NO;
				GCC_WARN_64_TO_32_BIT_CONVERSION = YES;
				GCC_WARN_ABOUT_RETURN_TYPE = YES_ERROR;
				GCC_WARN_UNDECLARED_SELECTOR = YES;
				GCC_WARN_UNINITIALIZED_AUTOS = YES_AGGRESSIVE;
				GCC_WARN_UNUSED_FUNCTION = YES;
				GCC_WARN_UNUSED_VARIABLE = YES;
				IPHONEOS_DEPLOYMENT_TARGET = 8.1;
				MTL_ENABLE_DEBUG_INFO = YES;
				ONLY_ACTIVE_ARCH = YES;
				SDKROOT = iphoneos;
				SWIFT_OPTIMIZATION_LEVEL = "-Onone";
			};
			name = Debug;
		};
		EA9370921A9647DA00ECF14C /* Release */ = {
			isa = XCBuildConfiguration;
			buildSettings = {
				ALWAYS_SEARCH_USER_PATHS = NO;
				CLANG_CXX_LANGUAGE_STANDARD = "gnu++0x";
				CLANG_CXX_LIBRARY = "libc++";
				CLANG_ENABLE_MODULES = YES;
				CLANG_ENABLE_OBJC_ARC = YES;
				CLANG_WARN_BOOL_CONVERSION = YES;
				CLANG_WARN_CONSTANT_CONVERSION = YES;
				CLANG_WARN_DIRECT_OBJC_ISA_USAGE = YES_ERROR;
				CLANG_WARN_EMPTY_BODY = YES;
				CLANG_WARN_ENUM_CONVERSION = YES;
				CLANG_WARN_INT_CONVERSION = YES;
				CLANG_WARN_OBJC_ROOT_CLASS = YES_ERROR;
				CLANG_WARN_UNREACHABLE_CODE = YES;
				CLANG_WARN__DUPLICATE_METHOD_MATCH = YES;
				"CODE_SIGN_IDENTITY[sdk=iphoneos*]" = "iPhone Developer";
				COPY_PHASE_STRIP = YES;
				ENABLE_NS_ASSERTIONS = NO;
				ENABLE_STRICT_OBJC_MSGSEND = YES;
				GCC_C_LANGUAGE_STANDARD = gnu99;
				GCC_WARN_64_TO_32_BIT_CONVERSION = YES;
				GCC_WARN_ABOUT_RETURN_TYPE = YES_ERROR;
				GCC_WARN_UNDECLARED_SELECTOR = YES;
				GCC_WARN_UNINITIALIZED_AUTOS = YES_AGGRESSIVE;
				GCC_WARN_UNUSED_FUNCTION = YES;
				GCC_WARN_UNUSED_VARIABLE = YES;
				IPHONEOS_DEPLOYMENT_TARGET = 8.1;
				MTL_ENABLE_DEBUG_INFO = NO;
				SDKROOT = iphoneos;
				VALIDATE_PRODUCT = YES;
			};
			name = Release;
		};
		EA9370941A9647DA00ECF14C /* Debug */ = {
			isa = XCBuildConfiguration;
			buildSettings = {
				ASSETCATALOG_COMPILER_APPICON_NAME = AppIcon;
				ASSETCATALOG_COMPILER_LAUNCHIMAGE_NAME = LaunchImage;
				INFOPLIST_FILE = BMBaseModalExample/Info.plist;
				IPHONEOS_DEPLOYMENT_TARGET = 7.1;
				LD_RUNPATH_SEARCH_PATHS = "$(inherited) @executable_path/Frameworks";
				PRODUCT_NAME = "$(TARGET_NAME)";
			};
			name = Debug;
		};
		EA9370951A9647DA00ECF14C /* Release */ = {
			isa = XCBuildConfiguration;
			buildSettings = {
				ASSETCATALOG_COMPILER_APPICON_NAME = AppIcon;
				ASSETCATALOG_COMPILER_LAUNCHIMAGE_NAME = LaunchImage;
				INFOPLIST_FILE = BMBaseModalExample/Info.plist;
				IPHONEOS_DEPLOYMENT_TARGET = 7.1;
				LD_RUNPATH_SEARCH_PATHS = "$(inherited) @executable_path/Frameworks";
				PRODUCT_NAME = "$(TARGET_NAME)";
			};
			name = Release;
		};
		EA9370971A9647DA00ECF14C /* Debug */ = {
			isa = XCBuildConfiguration;
			buildSettings = {
				BUNDLE_LOADER = "$(TEST_HOST)";
				FRAMEWORK_SEARCH_PATHS = (
					"$(SDKROOT)/Developer/Library/Frameworks",
					"$(inherited)",
				);
				GCC_PREPROCESSOR_DEFINITIONS = (
					"DEBUG=1",
					"$(inherited)",
				);
				INFOPLIST_FILE = BMBaseModalExampleTests/Info.plist;
				LD_RUNPATH_SEARCH_PATHS = "$(inherited) @executable_path/Frameworks @loader_path/Frameworks";
				PRODUCT_NAME = "$(TARGET_NAME)";
				TEST_HOST = "$(BUILT_PRODUCTS_DIR)/BMBaseModalExample.app/BMBaseModalExample";
			};
			name = Debug;
		};
		EA9370981A9647DA00ECF14C /* Release */ = {
			isa = XCBuildConfiguration;
			buildSettings = {
				BUNDLE_LOADER = "$(TEST_HOST)";
				FRAMEWORK_SEARCH_PATHS = (
					"$(SDKROOT)/Developer/Library/Frameworks",
					"$(inherited)",
				);
				INFOPLIST_FILE = BMBaseModalExampleTests/Info.plist;
				LD_RUNPATH_SEARCH_PATHS = "$(inherited) @executable_path/Frameworks @loader_path/Frameworks";
				PRODUCT_NAME = "$(TARGET_NAME)";
				TEST_HOST = "$(BUILT_PRODUCTS_DIR)/BMBaseModalExample.app/BMBaseModalExample";
			};
			name = Release;
		};
/* End XCBuildConfiguration section */

/* Begin XCConfigurationList section */
		EA93706F1A9647DA00ECF14C /* Build configuration list for PBXProject "BMBaseModalExample" */ = {
			isa = XCConfigurationList;
			buildConfigurations = (
				EA9370911A9647DA00ECF14C /* Debug */,
				EA9370921A9647DA00ECF14C /* Release */,
			);
			defaultConfigurationIsVisible = 0;
			defaultConfigurationName = Release;
		};
		EA9370931A9647DA00ECF14C /* Build configuration list for PBXNativeTarget "BMBaseModalExample" */ = {
			isa = XCConfigurationList;
			buildConfigurations = (
				EA9370941A9647DA00ECF14C /* Debug */,
				EA9370951A9647DA00ECF14C /* Release */,
			);
			defaultConfigurationIsVisible = 0;
			defaultConfigurationName = Release;
		};
		EA9370961A9647DA00ECF14C /* Build configuration list for PBXNativeTarget "BMBaseModalExampleTests" */ = {
			isa = XCConfigurationList;
			buildConfigurations = (
				EA9370971A9647DA00ECF14C /* Debug */,
				EA9370981A9647DA00ECF14C /* Release */,
			);
			defaultConfigurationIsVisible = 0;
			defaultConfigurationName = Release;
		};
/* End XCConfigurationList section */
	};
	rootObject = EA93706C1A9647DA00ECF14C /* Project object */;
}
